{
  "name": "@localjs/localjs",
  "version": "1.0.0",
  "lockfileVersion": 3,
  "requires": true,
  "packages": {
    "": {
      "name": "@localjs/localjs",
      "version": "1.0.0",
      "license": "MIT",
      "dependencies": {
        "@localjs/localjs": "^1.0.0"
      },
      "devDependencies": {}
    },
    "node_modules/@localjs/localjs": {
      "version": "1.0.0",
      "resolved": "https://registry.npmjs.org/@localjs/localjs/-/localjs-1.0.0.tgz",
      "integrity": "sha512-x7aeHptwyKKWdjAsf2zEnvW/X6tBZch/5H2vZqQxO/ROpU+CMOZ6t5TM6ex2deuL6PwXZEkiJeiWW18PUkNCFQ=="
    }
  }
}
